# This file is automatically @generated by Wally.
# It is not intended for manual editing.
registry = "test"

[[package]]
name = "aulkhami/partcache"
version = "4.0.2"
dependencies = []

[[package]]
name = "csqrl/sift"
version = "0.0.8"
dependencies = []

[[package]]
name = "data-oriented-house/squash"
version = "1.1.6"
dependencies = []

[[package]]
name = "elttob/fusion"
version = "0.2.0"
dependencies = []

[[package]]
name = "evaera/promise"
version = "4.0.0"
dependencies = []

[[package]]
name = "littensy/reflex"
version = "4.3.1"
dependencies = [["Promise", "evaera/promise@4.0.0"]]

[[package]]
name = "matter-ecs/matter"
version = "0.8.2"
dependencies = []

[[package]]
name = "matter-ecs/plasma"
version = "0.4.4"
dependencies = []

[[package]]
name = "maximumadhd/parallel-worker"
version = "1.0.0"
dependencies = []

[[package]]
name = "murtlatif/spring"
version = "0.1.2"
dependencies = []

[[package]]
name = "rakha/actually-good-td"
version = "0.1.0"
dependencies = [["Fusion", "elttob/fusion@0.2.0"], ["Future", "red-blox/future@1.0.1"], ["Immut", "solarhorizon/immut@0.4.4"], ["Loader", "sleitnick/loader@2.0.0"], ["Matter", "matter-ecs/matter@0.8.2"], ["ParallelWorker", "maximumadhd/parallel-worker@1.0.0"], ["PartCache", "aulkhami/partcache@4.0.2"], ["Plasma", "matter-ecs/plasma@0.4.4"], ["Reflex", "littensy/reflex@4.3.1"], ["Rewire", "sayhisam1/rewire@0.3.0"], ["Sift", "csqrl/sift@0.0.8"], ["Signal", "red-blox/signal@2.0.2"], ["Spring", "murtlatif/spring@0.1.2"], ["Squash", "data-oriented-house/squash@1.1.6"]]

[[package]]
name = "red-blox/future"
version = "1.0.1"
dependencies = [["Spawn", "red-blox/spawn@1.1.0"]]

[[package]]
name = "red-blox/signal"
version = "2.0.2"
dependencies = [["Spawn", "red-blox/spawn@1.1.0"]]

[[package]]
name = "red-blox/spawn"
version = "1.1.0"
dependencies = []

[[package]]
name = "sayhisam1/rewire"
version = "0.3.0"
dependencies = []

[[package]]
name = "sleitnick/loader"
version = "2.0.0"
dependencies = []

[[package]]
name = "solarhorizon/immut"
version = "0.4.4"
dependencies = []
