# This file is automatically @generated by Wally.
# It is not intended for manual editing.
registry = "test"

[[package]]
name = "aulkhami/partcache"
version = "4.0.2"
dependencies = []

[[package]]
name = "elttob/fusion"
version = "0.2.0"
dependencies = []

[[package]]
name = "evaera/matter"
version = "0.7.0"
dependencies = [["TestEZ", "roblox/testez@0.4.1"]]

[[package]]
name = "maximumadhd/parallel-worker"
version = "1.0.0"
dependencies = []

[[package]]
name = "murtlatif/spring"
version = "0.1.2"
dependencies = []

[[package]]
name = "rakha/actually-good-td"
version = "0.1.0"
dependencies = [["Fusion", "elttob/fusion@0.2.0"], ["Loader", "sleitnick/loader@2.0.0"], ["Matter", "evaera/matter@0.7.0"], ["ParallelWorker", "maximumadhd/parallel-worker@1.0.0"], ["PartCache", "aulkhami/partcache@4.0.2"], ["Spring", "murtlatif/spring@0.1.2"], ["TableUtil", "sleitnick/table-util@1.2.1"]]

[[package]]
name = "roblox/testez"
version = "0.4.1"
dependencies = []

[[package]]
name = "sleitnick/loader"
version = "2.0.0"
dependencies = []

[[package]]
name = "sleitnick/table-util"
version = "1.2.1"
dependencies = []
